
Microsoft Visual Studio Solution File, Format Version 12.00
# Visual Studio Version 16
VisualStudioVersion = 16.0.31019.35
MinimumVisualStudioVersion = 10.0.40219.1
Project("{FAE04EC0-301F-11D3-BF4B-00C04F79EFBC}") = "Chap10App", "Chap10App.csproj", "{0A85DCC5-0DF2-45F9-9449-CBEA5E37F25D}"
EndProject
Project("{FAE04EC0-301F-11D3-BF4B-00C04F79EFBC}") = "2DegreeArrayApp", "..\2DegreeArrayApp\2DegreeArrayApp.csproj", "{7F158907-62A8-43B5-9768-7687E7420F15}"
EndProject
Global
	GlobalSection(SolutionConfigurationPlatforms) = preSolution
		Debug|Any CPU = Debug|Any CPU
		Release|Any CPU = Release|Any CPU
	EndGlobalSection
	GlobalSection(ProjectConfigurationPlatforms) = postSolution
		{0A85DCC5-0DF2-45F9-9449-CBEA5E37F25D}.Debug|Any CPU.ActiveCfg = Debug|Any CPU
		{0A85DCC5-0DF2-45F9-9449-CBEA5E37F25D}.Debug|Any CPU.Build.0 = Debug|Any CPU
		{0A85DCC5-0DF2-45F9-9449-CBEA5E37F25D}.Release|Any CPU.ActiveCfg = Release|Any CPU
		{0A85DCC5-0DF2-45F9-9449-CBEA5E37F25D}.Release|Any CPU.Build.0 = Release|Any CPU
		{7F158907-62A8-43B5-9768-7687E7420F15}.Debug|Any CPU.ActiveCfg = Debug|Any CPU
		{7F158907-62A8-43B5-9768-7687E7420F15}.Debug|Any CPU.Build.0 = Debug|Any CPU
		{7F158907-62A8-43B5-9768-7687E7420F15}.Release|Any CPU.ActiveCfg = Release|Any CPU
		{7F158907-62A8-43B5-9768-7687E7420F15}.Release|Any CPU.Build.0 = Release|Any CPU
	EndGlobalSection
	GlobalSection(SolutionProperties) = preSolution
		HideSolutionNode = FALSE
	EndGlobalSection
	GlobalSection(ExtensibilityGlobals) = postSolution
		SolutionGuid = {3E5AC6D2-F966-4442-B8F5-92FAF69B64CD}
	EndGlobalSection
EndGlobal
