
Microsoft Visual Studio Solution File, Format Version 12.00
# Visual Studio Version 16
VisualStudioVersion = 16.0.31019.35
MinimumVisualStudioVersion = 10.0.40219.1
Project("{FAE04EC0-301F-11D3-BF4B-00C04F79EFBC}") = "Chap13App", "Chap13App.csproj", "{5205E830-9AB6-4FB9-908D-45D21C60A5DE}"
EndProject
Project("{9A19103F-16F7-4668-BE54-9A1E7A4F7556}") = "CallbackTestApp", "..\CallbackTestApp\CallbackTestApp.csproj", "{C158FD22-E998-46DB-B0F8-283D72673447}"
EndProject
Project("{9A19103F-16F7-4668-BE54-9A1E7A4F7556}") = "DelegateChainApp", "..\DelegateChainApp\DelegateChainApp.csproj", "{D73BBF3D-759F-44CB-B710-E8E25B481FCA}"
EndProject
Project("{FAE04EC0-301F-11D3-BF4B-00C04F79EFBC}") = "DelegateChain2App", "..\DelegateChain2App\DelegateChain2App.csproj", "{BBDF3CB6-5007-423E-AC29-13C8A2B023D1}"
EndProject
Project("{FAE04EC0-301F-11D3-BF4B-00C04F79EFBC}") = "UsingEventApp", "..\UsingEventApp\UsingEventApp.csproj", "{44557C7F-95D3-4774-8EDE-B8188A943E92}"
EndProject
Global
	GlobalSection(SolutionConfigurationPlatforms) = preSolution
		Debug|Any CPU = Debug|Any CPU
		Release|Any CPU = Release|Any CPU
	EndGlobalSection
	GlobalSection(ProjectConfigurationPlatforms) = postSolution
		{5205E830-9AB6-4FB9-908D-45D21C60A5DE}.Debug|Any CPU.ActiveCfg = Debug|Any CPU
		{5205E830-9AB6-4FB9-908D-45D21C60A5DE}.Debug|Any CPU.Build.0 = Debug|Any CPU
		{5205E830-9AB6-4FB9-908D-45D21C60A5DE}.Release|Any CPU.ActiveCfg = Release|Any CPU
		{5205E830-9AB6-4FB9-908D-45D21C60A5DE}.Release|Any CPU.Build.0 = Release|Any CPU
		{C158FD22-E998-46DB-B0F8-283D72673447}.Debug|Any CPU.ActiveCfg = Debug|Any CPU
		{C158FD22-E998-46DB-B0F8-283D72673447}.Debug|Any CPU.Build.0 = Debug|Any CPU
		{C158FD22-E998-46DB-B0F8-283D72673447}.Release|Any CPU.ActiveCfg = Release|Any CPU
		{C158FD22-E998-46DB-B0F8-283D72673447}.Release|Any CPU.Build.0 = Release|Any CPU
		{D73BBF3D-759F-44CB-B710-E8E25B481FCA}.Debug|Any CPU.ActiveCfg = Debug|Any CPU
		{D73BBF3D-759F-44CB-B710-E8E25B481FCA}.Debug|Any CPU.Build.0 = Debug|Any CPU
		{D73BBF3D-759F-44CB-B710-E8E25B481FCA}.Release|Any CPU.ActiveCfg = Release|Any CPU
		{D73BBF3D-759F-44CB-B710-E8E25B481FCA}.Release|Any CPU.Build.0 = Release|Any CPU
		{BBDF3CB6-5007-423E-AC29-13C8A2B023D1}.Debug|Any CPU.ActiveCfg = Debug|Any CPU
		{BBDF3CB6-5007-423E-AC29-13C8A2B023D1}.Debug|Any CPU.Build.0 = Debug|Any CPU
		{BBDF3CB6-5007-423E-AC29-13C8A2B023D1}.Release|Any CPU.ActiveCfg = Release|Any CPU
		{BBDF3CB6-5007-423E-AC29-13C8A2B023D1}.Release|Any CPU.Build.0 = Release|Any CPU
		{44557C7F-95D3-4774-8EDE-B8188A943E92}.Debug|Any CPU.ActiveCfg = Debug|Any CPU
		{44557C7F-95D3-4774-8EDE-B8188A943E92}.Debug|Any CPU.Build.0 = Debug|Any CPU
		{44557C7F-95D3-4774-8EDE-B8188A943E92}.Release|Any CPU.ActiveCfg = Release|Any CPU
		{44557C7F-95D3-4774-8EDE-B8188A943E92}.Release|Any CPU.Build.0 = Release|Any CPU
	EndGlobalSection
	GlobalSection(SolutionProperties) = preSolution
		HideSolutionNode = FALSE
	EndGlobalSection
	GlobalSection(ExtensibilityGlobals) = postSolution
		SolutionGuid = {1452C858-C38D-49AD-A3E2-2779D437F5ED}
	EndGlobalSection
EndGlobal
