
Microsoft Visual Studio Solution File, Format Version 12.00
# Visual Studio Version 16
VisualStudioVersion = 16.0.30907.101
MinimumVisualStudioVersion = 10.0.40219.1
Project("{FAE04EC0-301F-11D3-BF4B-00C04F79EFBC}") = "Chap05App", "Chap05App\Chap05App.csproj", "{2A33CDCD-CEFB-400E-9E57-D8B082AA5C3E}"
EndProject
Project("{FAE04EC0-301F-11D3-BF4B-00C04F79EFBC}") = "SwitchTestApp", "SwitchTestApp\SwitchTestApp.csproj", "{544EBA5B-E462-4127-9125-9D9D54B3A8D9}"
EndProject
Project("{FAE04EC0-301F-11D3-BF4B-00C04F79EFBC}") = "LoopTestApp", "LoopTestApp\LoopTestApp.csproj", "{F5B39A48-202B-4C8F-8CDE-CB2F90FEB7A5}"
EndProject
Project("{FAE04EC0-301F-11D3-BF4B-00C04F79EFBC}") = "StarTestApp", "StarTestApp\StarTestApp.csproj", "{145E0471-009D-48E0-8037-4AF436BB9A1D}"
EndProject
Project("{FAE04EC0-301F-11D3-BF4B-00C04F79EFBC}") = "ForeachTestApp", "ForeachTestApp\ForeachTestApp.csproj", "{BAB9C730-2D94-4D7D-A1F0-D09380508BCD}"
EndProject
Project("{FAE04EC0-301F-11D3-BF4B-00C04F79EFBC}") = "InfiniteLoopApp", "InfiniteLoopApp\InfiniteLoopApp.csproj", "{8DFB52D0-9633-4124-BA63-E230D1B6F8FF}"
EndProject
Project("{FAE04EC0-301F-11D3-BF4B-00C04F79EFBC}") = "JumpTestApp", "JumpTestApp\JumpTestApp.csproj", "{1FFA5B42-4197-4715-9152-5CB9EBF5829B}"
EndProject
Global
	GlobalSection(SolutionConfigurationPlatforms) = preSolution
		Debug|Any CPU = Debug|Any CPU
		Release|Any CPU = Release|Any CPU
	EndGlobalSection
	GlobalSection(ProjectConfigurationPlatforms) = postSolution
		{2A33CDCD-CEFB-400E-9E57-D8B082AA5C3E}.Debug|Any CPU.ActiveCfg = Debug|Any CPU
		{2A33CDCD-CEFB-400E-9E57-D8B082AA5C3E}.Debug|Any CPU.Build.0 = Debug|Any CPU
		{2A33CDCD-CEFB-400E-9E57-D8B082AA5C3E}.Release|Any CPU.ActiveCfg = Release|Any CPU
		{2A33CDCD-CEFB-400E-9E57-D8B082AA5C3E}.Release|Any CPU.Build.0 = Release|Any CPU
		{544EBA5B-E462-4127-9125-9D9D54B3A8D9}.Debug|Any CPU.ActiveCfg = Debug|Any CPU
		{544EBA5B-E462-4127-9125-9D9D54B3A8D9}.Debug|Any CPU.Build.0 = Debug|Any CPU
		{544EBA5B-E462-4127-9125-9D9D54B3A8D9}.Release|Any CPU.ActiveCfg = Release|Any CPU
		{544EBA5B-E462-4127-9125-9D9D54B3A8D9}.Release|Any CPU.Build.0 = Release|Any CPU
		{F5B39A48-202B-4C8F-8CDE-CB2F90FEB7A5}.Debug|Any CPU.ActiveCfg = Debug|Any CPU
		{F5B39A48-202B-4C8F-8CDE-CB2F90FEB7A5}.Debug|Any CPU.Build.0 = Debug|Any CPU
		{F5B39A48-202B-4C8F-8CDE-CB2F90FEB7A5}.Release|Any CPU.ActiveCfg = Release|Any CPU
		{F5B39A48-202B-4C8F-8CDE-CB2F90FEB7A5}.Release|Any CPU.Build.0 = Release|Any CPU
		{145E0471-009D-48E0-8037-4AF436BB9A1D}.Debug|Any CPU.ActiveCfg = Debug|Any CPU
		{145E0471-009D-48E0-8037-4AF436BB9A1D}.Debug|Any CPU.Build.0 = Debug|Any CPU
		{145E0471-009D-48E0-8037-4AF436BB9A1D}.Release|Any CPU.ActiveCfg = Release|Any CPU
		{145E0471-009D-48E0-8037-4AF436BB9A1D}.Release|Any CPU.Build.0 = Release|Any CPU
		{BAB9C730-2D94-4D7D-A1F0-D09380508BCD}.Debug|Any CPU.ActiveCfg = Debug|Any CPU
		{BAB9C730-2D94-4D7D-A1F0-D09380508BCD}.Debug|Any CPU.Build.0 = Debug|Any CPU
		{BAB9C730-2D94-4D7D-A1F0-D09380508BCD}.Release|Any CPU.ActiveCfg = Release|Any CPU
		{BAB9C730-2D94-4D7D-A1F0-D09380508BCD}.Release|Any CPU.Build.0 = Release|Any CPU
		{8DFB52D0-9633-4124-BA63-E230D1B6F8FF}.Debug|Any CPU.ActiveCfg = Debug|Any CPU
		{8DFB52D0-9633-4124-BA63-E230D1B6F8FF}.Debug|Any CPU.Build.0 = Debug|Any CPU
		{8DFB52D0-9633-4124-BA63-E230D1B6F8FF}.Release|Any CPU.ActiveCfg = Release|Any CPU
		{8DFB52D0-9633-4124-BA63-E230D1B6F8FF}.Release|Any CPU.Build.0 = Release|Any CPU
		{1FFA5B42-4197-4715-9152-5CB9EBF5829B}.Debug|Any CPU.ActiveCfg = Debug|Any CPU
		{1FFA5B42-4197-4715-9152-5CB9EBF5829B}.Debug|Any CPU.Build.0 = Debug|Any CPU
		{1FFA5B42-4197-4715-9152-5CB9EBF5829B}.Release|Any CPU.ActiveCfg = Release|Any CPU
		{1FFA5B42-4197-4715-9152-5CB9EBF5829B}.Release|Any CPU.Build.0 = Release|Any CPU
	EndGlobalSection
	GlobalSection(SolutionProperties) = preSolution
		HideSolutionNode = FALSE
	EndGlobalSection
	GlobalSection(ExtensibilityGlobals) = postSolution
		SolutionGuid = {C8319B6E-F98E-46B6-8895-E25C8CC3B413}
	EndGlobalSection
EndGlobal
