
Microsoft Visual Studio Solution File, Format Version 12.00
# Visual Studio Version 16
VisualStudioVersion = 16.0.31025.194
MinimumVisualStudioVersion = 10.0.40219.1
Project("{FAE04EC0-301F-11D3-BF4B-00C04F79EFBC}") = "Chap20App", "Chap20App\Chap20App.csproj", "{ACBA4786-67A2-46DD-AF07-E1E19F075264}"
EndProject
Project("{FAE04EC0-301F-11D3-BF4B-00C04F79EFBC}") = "ConsoleApp1", "ConsoleApp1\ConsoleApp1.csproj", "{ECD1CCB5-4067-457E-AF32-CD9B899AF821}"
EndProject
Project("{FAE04EC0-301F-11D3-BF4B-00C04F79EFBC}") = "MyWindowApp", "MyWindowApp\MyWindowApp.csproj", "{34EB00E8-95FC-4690-B495-8456A6DDD306}"
EndProject
Project("{FAE04EC0-301F-11D3-BF4B-00C04F79EFBC}") = "UsingControlApp", "UsingControlApp\UsingControlApp.csproj", "{9309910E-A784-4DAE-BF4B-B96295CD6730}"
EndProject
Project("{FAE04EC0-301F-11D3-BF4B-00C04F79EFBC}") = "FileCopyApp", "FileCopyApp\FileCopyApp.csproj", "{BA7C77FA-813D-4F99-A708-2FC80665CB1F}"
EndProject
Global
	GlobalSection(SolutionConfigurationPlatforms) = preSolution
		Debug|Any CPU = Debug|Any CPU
		Release|Any CPU = Release|Any CPU
	EndGlobalSection
	GlobalSection(ProjectConfigurationPlatforms) = postSolution
		{ACBA4786-67A2-46DD-AF07-E1E19F075264}.Debug|Any CPU.ActiveCfg = Debug|Any CPU
		{ACBA4786-67A2-46DD-AF07-E1E19F075264}.Debug|Any CPU.Build.0 = Debug|Any CPU
		{ACBA4786-67A2-46DD-AF07-E1E19F075264}.Release|Any CPU.ActiveCfg = Release|Any CPU
		{ACBA4786-67A2-46DD-AF07-E1E19F075264}.Release|Any CPU.Build.0 = Release|Any CPU
		{ECD1CCB5-4067-457E-AF32-CD9B899AF821}.Debug|Any CPU.ActiveCfg = Debug|Any CPU
		{ECD1CCB5-4067-457E-AF32-CD9B899AF821}.Debug|Any CPU.Build.0 = Debug|Any CPU
		{ECD1CCB5-4067-457E-AF32-CD9B899AF821}.Release|Any CPU.ActiveCfg = Release|Any CPU
		{ECD1CCB5-4067-457E-AF32-CD9B899AF821}.Release|Any CPU.Build.0 = Release|Any CPU
		{34EB00E8-95FC-4690-B495-8456A6DDD306}.Debug|Any CPU.ActiveCfg = Debug|Any CPU
		{34EB00E8-95FC-4690-B495-8456A6DDD306}.Debug|Any CPU.Build.0 = Debug|Any CPU
		{34EB00E8-95FC-4690-B495-8456A6DDD306}.Release|Any CPU.ActiveCfg = Release|Any CPU
		{34EB00E8-95FC-4690-B495-8456A6DDD306}.Release|Any CPU.Build.0 = Release|Any CPU
		{9309910E-A784-4DAE-BF4B-B96295CD6730}.Debug|Any CPU.ActiveCfg = Debug|Any CPU
		{9309910E-A784-4DAE-BF4B-B96295CD6730}.Debug|Any CPU.Build.0 = Debug|Any CPU
		{9309910E-A784-4DAE-BF4B-B96295CD6730}.Release|Any CPU.ActiveCfg = Release|Any CPU
		{9309910E-A784-4DAE-BF4B-B96295CD6730}.Release|Any CPU.Build.0 = Release|Any CPU
		{BA7C77FA-813D-4F99-A708-2FC80665CB1F}.Debug|Any CPU.ActiveCfg = Debug|Any CPU
		{BA7C77FA-813D-4F99-A708-2FC80665CB1F}.Debug|Any CPU.Build.0 = Debug|Any CPU
		{BA7C77FA-813D-4F99-A708-2FC80665CB1F}.Release|Any CPU.ActiveCfg = Release|Any CPU
		{BA7C77FA-813D-4F99-A708-2FC80665CB1F}.Release|Any CPU.Build.0 = Release|Any CPU
	EndGlobalSection
	GlobalSection(SolutionProperties) = preSolution
		HideSolutionNode = FALSE
	EndGlobalSection
	GlobalSection(ExtensibilityGlobals) = postSolution
		SolutionGuid = {84D9EE57-549B-4571-B4F7-90510908D5E5}
	EndGlobalSection
EndGlobal
