
Microsoft Visual Studio Solution File, Format Version 12.00
# Visual Studio Version 16
VisualStudioVersion = 16.0.31019.35
MinimumVisualStudioVersion = 10.0.40219.1
Project("{FAE04EC0-301F-11D3-BF4B-00C04F79EFBC}") = "Chap11App", "Chap11App.csproj", "{DC72EFB8-4492-43E2-8A5F-DB30675E95C5}"
EndProject
Project("{FAE04EC0-301F-11D3-BF4B-00C04F79EFBC}") = "GenericCopyArrayApp", "..\GenericCopyArrayApp\GenericCopyArrayApp.csproj", "{BF848C8B-F6FC-4708-9396-46BE97FAC0E1}"
EndProject
Project("{FAE04EC0-301F-11D3-BF4B-00C04F79EFBC}") = "GenericClassApp", "..\GenericClassApp\GenericClassApp.csproj", "{A43C9BD4-C1AD-4D46-8BFD-A230C62731B7}"
EndProject
Project("{FAE04EC0-301F-11D3-BF4B-00C04F79EFBC}") = "GenericListApp", "..\GenericListApp\GenericListApp.csproj", "{630E73DF-B421-4F5C-AFC6-E39C26BFEFAE}"
EndProject
Project("{FAE04EC0-301F-11D3-BF4B-00C04F79EFBC}") = "DictionaryApp", "..\DictionaryApp\DictionaryApp.csproj", "{B74EA33F-40B1-4E39-9F59-DBB86B7BFB33}"
EndProject
Global
	GlobalSection(SolutionConfigurationPlatforms) = preSolution
		Debug|Any CPU = Debug|Any CPU
		Release|Any CPU = Release|Any CPU
	EndGlobalSection
	GlobalSection(ProjectConfigurationPlatforms) = postSolution
		{DC72EFB8-4492-43E2-8A5F-DB30675E95C5}.Debug|Any CPU.ActiveCfg = Debug|Any CPU
		{DC72EFB8-4492-43E2-8A5F-DB30675E95C5}.Debug|Any CPU.Build.0 = Debug|Any CPU
		{DC72EFB8-4492-43E2-8A5F-DB30675E95C5}.Release|Any CPU.ActiveCfg = Release|Any CPU
		{DC72EFB8-4492-43E2-8A5F-DB30675E95C5}.Release|Any CPU.Build.0 = Release|Any CPU
		{BF848C8B-F6FC-4708-9396-46BE97FAC0E1}.Debug|Any CPU.ActiveCfg = Debug|Any CPU
		{BF848C8B-F6FC-4708-9396-46BE97FAC0E1}.Debug|Any CPU.Build.0 = Debug|Any CPU
		{BF848C8B-F6FC-4708-9396-46BE97FAC0E1}.Release|Any CPU.ActiveCfg = Release|Any CPU
		{BF848C8B-F6FC-4708-9396-46BE97FAC0E1}.Release|Any CPU.Build.0 = Release|Any CPU
		{A43C9BD4-C1AD-4D46-8BFD-A230C62731B7}.Debug|Any CPU.ActiveCfg = Debug|Any CPU
		{A43C9BD4-C1AD-4D46-8BFD-A230C62731B7}.Debug|Any CPU.Build.0 = Debug|Any CPU
		{A43C9BD4-C1AD-4D46-8BFD-A230C62731B7}.Release|Any CPU.ActiveCfg = Release|Any CPU
		{A43C9BD4-C1AD-4D46-8BFD-A230C62731B7}.Release|Any CPU.Build.0 = Release|Any CPU
		{630E73DF-B421-4F5C-AFC6-E39C26BFEFAE}.Debug|Any CPU.ActiveCfg = Debug|Any CPU
		{630E73DF-B421-4F5C-AFC6-E39C26BFEFAE}.Debug|Any CPU.Build.0 = Debug|Any CPU
		{630E73DF-B421-4F5C-AFC6-E39C26BFEFAE}.Release|Any CPU.ActiveCfg = Release|Any CPU
		{630E73DF-B421-4F5C-AFC6-E39C26BFEFAE}.Release|Any CPU.Build.0 = Release|Any CPU
		{B74EA33F-40B1-4E39-9F59-DBB86B7BFB33}.Debug|Any CPU.ActiveCfg = Debug|Any CPU
		{B74EA33F-40B1-4E39-9F59-DBB86B7BFB33}.Debug|Any CPU.Build.0 = Debug|Any CPU
		{B74EA33F-40B1-4E39-9F59-DBB86B7BFB33}.Release|Any CPU.ActiveCfg = Release|Any CPU
		{B74EA33F-40B1-4E39-9F59-DBB86B7BFB33}.Release|Any CPU.Build.0 = Release|Any CPU
	EndGlobalSection
	GlobalSection(SolutionProperties) = preSolution
		HideSolutionNode = FALSE
	EndGlobalSection
	GlobalSection(ExtensibilityGlobals) = postSolution
		SolutionGuid = {DED47181-C943-44E1-8050-BFB4A54B2E85}
	EndGlobalSection
EndGlobal
