
Microsoft Visual Studio Solution File, Format Version 12.00
# Visual Studio Version 16
VisualStudioVersion = 16.0.30907.101
MinimumVisualStudioVersion = 10.0.40219.1
Project("{FAE04EC0-301F-11D3-BF4B-00C04F79EFBC}") = "Chap08App", "Chap08App\Chap08App.csproj", "{C480F4DB-1F34-41FC-826F-5C933365F808}"
EndProject
Project("{FAE04EC0-301F-11D3-BF4B-00C04F79EFBC}") = "MultiInterfaceApp", "MultiInterfaceApp\MultiInterfaceApp.csproj", "{2CB04D74-C29E-481B-BEFF-1A9EF0BD5229}"
EndProject
Global
	GlobalSection(SolutionConfigurationPlatforms) = preSolution
		Debug|Any CPU = Debug|Any CPU
		Release|Any CPU = Release|Any CPU
	EndGlobalSection
	GlobalSection(ProjectConfigurationPlatforms) = postSolution
		{C480F4DB-1F34-41FC-826F-5C933365F808}.Debug|Any CPU.ActiveCfg = Debug|Any CPU
		{C480F4DB-1F34-41FC-826F-5C933365F808}.Debug|Any CPU.Build.0 = Debug|Any CPU
		{C480F4DB-1F34-41FC-826F-5C933365F808}.Release|Any CPU.ActiveCfg = Release|Any CPU
		{C480F4DB-1F34-41FC-826F-5C933365F808}.Release|Any CPU.Build.0 = Release|Any CPU
		{2CB04D74-C29E-481B-BEFF-1A9EF0BD5229}.Debug|Any CPU.ActiveCfg = Debug|Any CPU
		{2CB04D74-C29E-481B-BEFF-1A9EF0BD5229}.Debug|Any CPU.Build.0 = Debug|Any CPU
		{2CB04D74-C29E-481B-BEFF-1A9EF0BD5229}.Release|Any CPU.ActiveCfg = Release|Any CPU
		{2CB04D74-C29E-481B-BEFF-1A9EF0BD5229}.Release|Any CPU.Build.0 = Release|Any CPU
	EndGlobalSection
	GlobalSection(SolutionProperties) = preSolution
		HideSolutionNode = FALSE
	EndGlobalSection
	GlobalSection(ExtensibilityGlobals) = postSolution
		SolutionGuid = {589AAB62-C55B-46C9-A5B8-11194B2348F2}
	EndGlobalSection
EndGlobal
